// !$*UTF8*$!
{
	archiveVersion = 1;
	classes = {
	};
	objectVersion = 55;
	objects = {

/* Begin PBXBuildFile section */
		F5753A5528A722F300B3D515 /* AppDelegate.m in Sources */ = {isa = PBXBuildFile; fileRef = F5753A5428A722F300B3D515 /* AppDelegate.m */; };
		F5753A5B28A722F300B3D515 /* ViewController.m in Sources */ = {isa = PBXBuildFile; fileRef = F5753A5A28A722F300B3D515 /* ViewController.m */; };
		F5753A6028A722F300B3D515 /* Assets.xcassets in Resources */ = {isa = PBXBuildFile; fileRef = F5753A5F28A722F300B3D515 /* Assets.xcassets */; };
		F5753A6328A722F300B3D515 /* LaunchScreen.storyboard in Resources */ = {isa = PBXBuildFile; fileRef = F5753A6128A722F300B3D515 /* LaunchScreen.storyboard */; };
		F5753A6628A722F300B3D515 /* main.m in Sources */ = {isa = PBXBuildFile; fileRef = F5753A6528A722F300B3D515 /* main.m */; };
		F5753A6E28A7254E00B3D515 /* Constant.m in Sources */ = {isa = PBXBuildFile; fileRef = F5753A6D28A7254E00B3D515 /* Constant.m */; };
		F5753A7128A7270500B3D515 /* HomeView.m in Sources */ = {isa = PBXBuildFile; fileRef = F5753A7028A7270500B3D515 /* HomeView.m */; };
		F5753A7428A7271500B3D515 /* BoardView.m in Sources */ = {isa = PBXBuildFile; fileRef = F5753A7328A7271500B3D515 /* BoardView.m */; };
		F5753A7828A7293200B3D515 /* UIColor+TT.m in Sources */ = {isa = PBXBuildFile; fileRef = F5753A7728A7293200B3D515 /* UIColor+TT.m */; };
		F5753A7B28A73D3300B3D515 /* BrickView.m in Sources */ = {isa = PBXBuildFile; fileRef = F5753A7A28A73D3300B3D515 /* BrickView.m */; };
/* End PBXBuildFile section */

/* Begin PBXFileReference section */
		F5753A5028A722F300B3D515 /* Tetris.app */ = {isa = PBXFileReference; explicitFileType = wrapper.application; includeInIndex = 0; path = Tetris.app; sourceTree = BUILT_PRODUCTS_DIR; };
		F5753A5328A722F300B3D515 /* AppDelegate.h */ = {isa = PBXFileReference; lastKnownFileType = sourcecode.c.h; path = AppDelegate.h; sourceTree = "<group>"; };
		F5753A5428A722F300B3D515 /* AppDelegate.m */ = {isa = PBXFileReference; lastKnownFileType = sourcecode.c.objc; path = AppDelegate.m; sourceTree = "<group>"; };
		F5753A5928A722F300B3D515 /* ViewController.h */ = {isa = PBXFileReference; lastKnownFileType = sourcecode.c.h; path = ViewController.h; sourceTree = "<group>"; };
		F5753A5A28A722F300B3D515 /* ViewController.m */ = {isa = PBXFileReference; lastKnownFileType = sourcecode.c.objc; path = ViewController.m; sourceTree = "<group>"; };
		F5753A5F28A722F300B3D515 /* Assets.xcassets */ = {isa = PBXFileReference; lastKnownFileType = folder.assetcatalog; path = Assets.xcassets; sourceTree = "<group>"; };
		F5753A6228A722F300B3D515 /* Base */ = {isa = PBXFileReference; lastKnownFileType = file.storyboard; name = Base; path = Base.lproj/LaunchScreen.storyboard; sourceTree = "<group>"; };
		F5753A6428A722F300B3D515 /* Info.plist */ = {isa = PBXFileReference; lastKnownFileType = text.plist.xml; path = Info.plist; sourceTree = "<group>"; };
		F5753A6528A722F300B3D515 /* main.m */ = {isa = PBXFileReference; lastKnownFileType = sourcecode.c.objc; path = main.m; sourceTree = "<group>"; };
		F5753A6C28A7254E00B3D515 /* Constant.h */ = {isa = PBXFileReference; lastKnownFileType = sourcecode.c.h; path = Constant.h; sourceTree = "<group>"; };
		F5753A6D28A7254E00B3D515 /* Constant.m */ = {isa = PBXFileReference; lastKnownFileType = sourcecode.c.objc; path = Constant.m; sourceTree = "<group>"; };
		F5753A6F28A7270500B3D515 /* HomeView.h */ = {isa = PBXFileReference; lastKnownFileType = sourcecode.c.h; path = HomeView.h; sourceTree = "<group>"; };
		F5753A7028A7270500B3D515 /* HomeView.m */ = {isa = PBXFileReference; lastKnownFileType = sourcecode.c.objc; path = HomeView.m; sourceTree = "<group>"; };
		F5753A7228A7271500B3D515 /* BoardView.h */ = {isa = PBXFileReference; lastKnownFileType = sourcecode.c.h; path = BoardView.h; sourceTree = "<group>"; };
		F5753A7328A7271500B3D515 /* BoardView.m */ = {isa = PBXFileReference; lastKnownFileType = sourcecode.c.objc; path = BoardView.m; sourceTree = "<group>"; };
		F5753A7628A7293200B3D515 /* UIColor+TT.h */ = {isa = PBXFileReference; lastKnownFileType = sourcecode.c.h; path = "UIColor+TT.h"; sourceTree = "<group>"; };
		F5753A7728A7293200B3D515 /* UIColor+TT.m */ = {isa = PBXFileReference; lastKnownFileType = sourcecode.c.objc; path = "UIColor+TT.m"; sourceTree = "<group>"; };
		F5753A7928A73D3300B3D515 /* BrickView.h */ = {isa = PBXFileReference; lastKnownFileType = sourcecode.c.h; path = BrickView.h; sourceTree = "<group>"; };
		F5753A7A28A73D3300B3D515 /* BrickView.m */ = {isa = PBXFileReference; lastKnownFileType = sourcecode.c.objc; path = BrickView.m; sourceTree = "<group>"; };
/* End PBXFileReference section */

/* Begin PBXFrameworksBuildPhase section */
		F5753A4D28A722F300B3D515 /* Frameworks */ = {
			isa = PBXFrameworksBuildPhase;
			buildActionMask = 2147483647;
			files = (
			);
			runOnlyForDeploymentPostprocessing = 0;
		};
/* End PBXFrameworksBuildPhase section */

/* Begin PBXGroup section */
		F5753A4728A722F300B3D515 = {
			isa = PBXGroup;
			children = (
				F5753A5228A722F300B3D515 /* Tetris */,
				F5753A7628A7293200B3D515 /* UIColor+TT.h */,
				F5753A7728A7293200B3D515 /* UIColor+TT.m */,
				F5753A5128A722F300B3D515 /* Products */,
			);
			sourceTree = "<group>";
		};
		F5753A5128A722F300B3D515 /* Products */ = {
			isa = PBXGroup;
			children = (
				F5753A5028A722F300B3D515 /* Tetris.app */,
			);
			name = Products;
			sourceTree = "<group>";
		};
		F5753A5228A722F300B3D515 /* Tetris */ = {
			isa = PBXGroup;
			children = (
				F5753A5328A722F300B3D515 /* AppDelegate.h */,
				F5753A5428A722F300B3D515 /* AppDelegate.m */,
				F5753A5928A722F300B3D515 /* ViewController.h */,
				F5753A5A28A722F300B3D515 /* ViewController.m */,
				F5753A5F28A722F300B3D515 /* Assets.xcassets */,
				F5753A6128A722F300B3D515 /* LaunchScreen.storyboard */,
				F5753A6428A722F300B3D515 /* Info.plist */,
				F5753A6528A722F300B3D515 /* main.m */,
				F5753A6C28A7254E00B3D515 /* Constant.h */,
				F5753A6D28A7254E00B3D515 /* Constant.m */,
				F5753A7528A7272200B3D515 /* Views */,
			);
			path = Tetris;
			sourceTree = "<group>";
		};
		F5753A7528A7272200B3D515 /* Views */ = {
			isa = PBXGroup;
			children = (
				F5753A6F28A7270500B3D515 /* HomeView.h */,
				F5753A7028A7270500B3D515 /* HomeView.m */,
				F5753A7228A7271500B3D515 /* BoardView.h */,
				F5753A7928A73D3300B3D515 /* BrickView.h */,
				F5753A7A28A73D3300B3D515 /* BrickView.m */,
				F5753A7328A7271500B3D515 /* BoardView.m */,
			);
			path = Views;
			sourceTree = "<group>";
		};
/* End PBXGroup section */

/* Begin PBXNativeTarget section */
		F5753A4F28A722F300B3D515 /* Tetris */ = {
			isa = PBXNativeTarget;
			buildConfigurationList = F5753A6928A722F300B3D515 /* Build configuration list for PBXNativeTarget "Tetris" */;
			buildPhases = (
				F5753A4C28A722F300B3D515 /* Sources */,
				F5753A4D28A722F300B3D515 /* Frameworks */,
				F5753A4E28A722F300B3D515 /* Resources */,
			);
			buildRules = (
			);
			dependencies = (
			);
			name = Tetris;
			productName = Tetris;
			productReference = F5753A5028A722F300B3D515 /* Tetris.app */;
			productType = "com.apple.product-type.application";
		};
/* End PBXNativeTarget section */

/* Begin PBXProject section */
		F5753A4828A722F300B3D515 /* Project object */ = {
			isa = PBXProject;
			attributes = {
				BuildIndependentTargetsInParallel = 1;
				LastUpgradeCheck = 1330;
				TargetAttributes = {
					F5753A4F28A722F300B3D515 = {
						CreatedOnToolsVersion = 13.3.1;
					};
				};
			};
			buildConfigurationList = F5753A4B28A722F300B3D515 /* Build configuration list for PBXProject "Tetris" */;
			compatibilityVersion = "Xcode 13.0";
			developmentRegion = en;
			hasScannedForEncodings = 0;
			knownRegions = (
				en,
				Base,
			);
			mainGroup = F5753A4728A722F300B3D515;
			productRefGroup = F5753A5128A722F300B3D515 /* Products */;
			projectDirPath = "";
			projectRoot = "";
			targets = (
				F5753A4F28A722F300B3D515 /* Tetris */,
			);
		};
/* End PBXProject section */

/* Begin PBXResourcesBuildPhase section */
		F5753A4E28A722F300B3D515 /* Resources */ = {
			isa = PBXResourcesBuildPhase;
			buildActionMask = 2147483647;
			files = (
				F5753A6328A722F300B3D515 /* LaunchScreen.storyboard in Resources */,
				F5753A6028A722F300B3D515 /* Assets.xcassets in Resources */,
			);
			runOnlyForDeploymentPostprocessing = 0;
		};
/* End PBXResourcesBuildPhase section */

/* Begin PBXSourcesBuildPhase section */
		F5753A4C28A722F300B3D515 /* Sources */ = {
			isa = PBXSourcesBuildPhase;
			buildActionMask = 2147483647;
			files = (
				F5753A5B28A722F300B3D515 /* ViewController.m in Sources */,
				F5753A5528A722F300B3D515 /* AppDelegate.m in Sources */,
				F5753A7128A7270500B3D515 /* HomeView.m in Sources */,
				F5753A6628A722F300B3D515 /* main.m in Sources */,
				F5753A7828A7293200B3D515 /* UIColor+TT.m in Sources */,
				F5753A7B28A73D3300B3D515 /* BrickView.m in Sources */,
				F5753A6E28A7254E00B3D515 /* Constant.m in Sources */,
				F5753A7428A7271500B3D515 /* BoardView.m in Sources */,
			);
			runOnlyForDeploymentPostprocessing = 0;
		};
/* End PBXSourcesBuildPhase section */

/* Begin PBXVariantGroup section */
		F5753A6128A722F300B3D515 /* LaunchScreen.storyboard */ = {
			isa = PBXVariantGroup;
			children = (
				F5753A6228A722F300B3D515 /* Base */,
			);
			name = LaunchScreen.storyboard;
			sourceTree = "<group>";
		};
/* End PBXVariantGroup section */

/* Begin XCBuildConfiguration section */
		F5753A6728A722F300B3D515 /* Debug */ = {
			isa = XCBuildConfiguration;
			buildSettings = {
				ALWAYS_SEARCH_USER_PATHS = NO;
				CLANG_ANALYZER_NONNULL = YES;
				CLANG_ANALYZER_NUMBER_OBJECT_CONVERSION = YES_AGGRESSIVE;
				CLANG_CXX_LANGUAGE_STANDARD = "gnu++17";
				CLANG_ENABLE_MODULES = YES;
				CLANG_ENABLE_OBJC_ARC = YES;
				CLANG_ENABLE_OBJC_WEAK = YES;
				CLANG_WARN_BLOCK_CAPTURE_AUTORELEASING = YES;
				CLANG_WARN_BOOL_CONVERSION = YES;
				CLANG_WARN_COMMA = YES;
				CLANG_WARN_CONSTANT_CONVERSION = YES;
				CLANG_WARN_DEPRECATED_OBJC_IMPLEMENTATIONS = YES;
				CLANG_WARN_DIRECT_OBJC_ISA_USAGE = YES_ERROR;
				CLANG_WARN_DOCUMENTATION_COMMENTS = YES;
				CLANG_WARN_EMPTY_BODY = YES;
				CLANG_WARN_ENUM_CONVERSION = YES;
				CLANG_WARN_INFINITE_RECURSION = YES;
				CLANG_WARN_INT_CONVERSION = YES;
				CLANG_WARN_NON_LITERAL_NULL_CONVERSION = YES;
				CLANG_WARN_OBJC_IMPLICIT_RETAIN_SELF = YES;
				CLANG_WARN_OBJC_LITERAL_CONVERSION = YES;
				CLANG_WARN_OBJC_ROOT_CLASS = YES_ERROR;
				CLANG_WARN_QUOTED_INCLUDE_IN_FRAMEWORK_HEADER = YES;
				CLANG_WARN_RANGE_LOOP_ANALYSIS = YES;
				CLANG_WARN_STRICT_PROTOTYPES = YES;
				CLANG_WARN_SUSPICIOUS_MOVE = YES;
				CLANG_WARN_UNGUARDED_AVAILABILITY = YES_AGGRESSIVE;
				CLANG_WARN_UNREACHABLE_CODE = YES;
				CLANG_WARN__DUPLICATE_METHOD_MATCH = YES;
				COPY_PHASE_STRIP = NO;
				DEBUG_INFORMATION_FORMAT = dwarf;
				ENABLE_STRICT_OBJC_MSGSEND = YES;
				ENABLE_TESTABILITY = YES;
				GCC_C_LANGUAGE_STANDARD = gnu11;
				GCC_DYNAMIC_NO_PIC = NO;
				GCC_NO_COMMON_BLOCKS = YES;
				GCC_OPTIMIZATION_LEVEL = 0;
				GCC_PREPROCESSOR_DEFINITIONS = (
					"DEBUG=1",
					"$(inherited)",
				);
				GCC_WARN_64_TO_32_BIT_CONVERSION = YES;
				GCC_WARN_ABOUT_RETURN_TYPE = YES_ERROR;
				GCC_WARN_UNDECLARED_SELECTOR = YES;
				GCC_WARN_UNINITIALIZED_AUTOS = YES_AGGRESSIVE;
				GCC_WARN_UNUSED_FUNCTION = YES;
				GCC_WARN_UNUSED_VARIABLE = YES;
				IPHONEOS_DEPLOYMENT_TARGET = 15.4;
				MTL_ENABLE_DEBUG_INFO = INCLUDE_SOURCE;
				MTL_FAST_MATH = YES;
				ONLY_ACTIVE_ARCH = YES;
				SDKROOT = iphoneos;
			};
			name = Debug;
		};
		F5753A6828A722F300B3D515 /* Release */ = {
			isa = XCBuildConfiguration;
			buildSettings = {
				ALWAYS_SEARCH_USER_PATHS = NO;
				CLANG_ANALYZER_NONNULL = YES;
				CLANG_ANALYZER_NUMBER_OBJECT_CONVERSION = YES_AGGRESSIVE;
				CLANG_CXX_LANGUAGE_STANDARD = "gnu++17";
				CLANG_ENABLE_MODULES = YES;
				CLANG_ENABLE_OBJC_ARC = YES;
				CLANG_ENABLE_OBJC_WEAK = YES;
				CLANG_WARN_BLOCK_CAPTURE_AUTORELEASING = YES;
				CLANG_WARN_BOOL_CONVERSION = YES;
				CLANG_WARN_COMMA = YES;
				CLANG_WARN_CONSTANT_CONVERSION = YES;
				CLANG_WARN_DEPRECATED_OBJC_IMPLEMENTATIONS = YES;
				CLANG_WARN_DIRECT_OBJC_ISA_USAGE = YES_ERROR;
				CLANG_WARN_DOCUMENTATION_COMMENTS = YES;
				CLANG_WARN_EMPTY_BODY = YES;
				CLANG_WARN_ENUM_CONVERSION = YES;
				CLANG_WARN_INFINITE_RECURSION = YES;
				CLANG_WARN_INT_CONVERSION = YES;
				CLANG_WARN_NON_LITERAL_NULL_CONVERSION = YES;
				CLANG_WARN_OBJC_IMPLICIT_RETAIN_SELF = YES;
				CLANG_WARN_OBJC_LITERAL_CONVERSION = YES;
				CLANG_WARN_OBJC_ROOT_CLASS = YES_ERROR;
				CLANG_WARN_QUOTED_INCLUDE_IN_FRAMEWORK_HEADER = YES;
				CLANG_WARN_RANGE_LOOP_ANALYSIS = YES;
				CLANG_WARN_STRICT_PROTOTYPES = YES;
				CLANG_WARN_SUSPICIOUS_MOVE = YES;
				CLANG_WARN_UNGUARDED_AVAILABILITY = YES_AGGRESSIVE;
				CLANG_WARN_UNREACHABLE_CODE = YES;
				CLANG_WARN__DUPLICATE_METHOD_MATCH = YES;
				COPY_PHASE_STRIP = NO;
				DEBUG_INFORMATION_FORMAT = "dwarf-with-dsym";
				ENABLE_NS_ASSERTIONS = NO;
				ENABLE_STRICT_OBJC_MSGSEND = YES;
				GCC_C_LANGUAGE_STANDARD = gnu11;
				GCC_NO_COMMON_BLOCKS = YES;
				GCC_WARN_64_TO_32_BIT_CONVERSION = YES;
				GCC_WARN_ABOUT_RETURN_TYPE = YES_ERROR;
				GCC_WARN_UNDECLARED_SELECTOR = YES;
				GCC_WARN_UNINITIALIZED_AUTOS = YES_AGGRESSIVE;
				GCC_WARN_UNUSED_FUNCTION = YES;
				GCC_WARN_UNUSED_VARIABLE = YES;
				IPHONEOS_DEPLOYMENT_TARGET = 15.4;
				MTL_ENABLE_DEBUG_INFO = NO;
				MTL_FAST_MATH = YES;
				SDKROOT = iphoneos;
				VALIDATE_PRODUCT = YES;
			};
			name = Release;
		};
		F5753A6A28A722F300B3D515 /* Debug */ = {
			isa = XCBuildConfiguration;
			buildSettings = {
				ASSETCATALOG_COMPILER_APPICON_NAME = AppIcon;
				ASSETCATALOG_COMPILER_GLOBAL_ACCENT_COLOR_NAME = AccentColor;
				CODE_SIGN_STYLE = Automatic;
				CURRENT_PROJECT_VERSION = 1;
				DEVELOPMENT_TEAM = XC5W5WJCHA;
				GENERATE_INFOPLIST_FILE = YES;
				INFOPLIST_FILE = Tetris/Info.plist;
				INFOPLIST_KEY_LSApplicationCategoryType = "";
				INFOPLIST_KEY_UIApplicationSupportsIndirectInputEvents = YES;
				INFOPLIST_KEY_UILaunchStoryboardName = LaunchScreen;
				INFOPLIST_KEY_UISupportedInterfaceOrientations_iPad = "UIInterfaceOrientationPortrait UIInterfaceOrientationPortraitUpsideDown UIInterfaceOrientationLandscapeLeft UIInterfaceOrientationLandscapeRight";
				INFOPLIST_KEY_UISupportedInterfaceOrientations_iPhone = "UIInterfaceOrientationPortrait UIInterfaceOrientationLandscapeLeft UIInterfaceOrientationLandscapeRight";
				LD_RUNPATH_SEARCH_PATHS = (
					"$(inherited)",
					"@executable_path/Frameworks",
				);
				MARKETING_VERSION = 1.0;
				PRODUCT_BUNDLE_IDENTIFIER = com.wenzhuo.Tetris;
				PRODUCT_NAME = "$(TARGET_NAME)";
				SWIFT_EMIT_LOC_STRINGS = YES;
				TARGETED_DEVICE_FAMILY = "1,2";
			};
			name = Debug;
		};
		F5753A6B28A722F300B3D515 /* Release */ = {
			isa = XCBuildConfiguration;
			buildSettings = {
				ASSETCATALOG_COMPILER_APPICON_NAME = AppIcon;
				ASSETCATALOG_COMPILER_GLOBAL_ACCENT_COLOR_NAME = AccentColor;
				CODE_SIGN_STYLE = Automatic;
				CURRENT_PROJECT_VERSION = 1;
				DEVELOPMENT_TEAM = XC5W5WJCHA;
				GENERATE_INFOPLIST_FILE = YES;
				INFOPLIST_FILE = Tetris/Info.plist;
				INFOPLIST_KEY_LSApplicationCategoryType = "";
				INFOPLIST_KEY_UIApplicationSupportsIndirectInputEvents = YES;
				INFOPLIST_KEY_UILaunchStoryboardName = LaunchScreen;
				INFOPLIST_KEY_UISupportedInterfaceOrientations_iPad = "UIInterfaceOrientationPortrait UIInterfaceOrientationPortraitUpsideDown UIInterfaceOrientationLandscapeLeft UIInterfaceOrientationLandscapeRight";
				INFOPLIST_KEY_UISupportedInterfaceOrientations_iPhone = "UIInterfaceOrientationPortrait UIInterfaceOrientationLandscapeLeft UIInterfaceOrientationLandscapeRight";
				LD_RUNPATH_SEARCH_PATHS = (
					"$(inherited)",
					"@executable_path/Frameworks",
				);
				MARKETING_VERSION = 1.0;
				PRODUCT_BUNDLE_IDENTIFIER = com.wenzhuo.Tetris;
				PRODUCT_NAME = "$(TARGET_NAME)";
				SWIFT_EMIT_LOC_STRINGS = YES;
				TARGETED_DEVICE_FAMILY = "1,2";
			};
			name = Release;
		};
/* End XCBuildConfiguration section */

/* Begin XCConfigurationList section */
		F5753A4B28A722F300B3D515 /* Build configuration list for PBXProject "Tetris" */ = {
			isa = XCConfigurationList;
			buildConfigurations = (
				F5753A6728A722F300B3D515 /* Debug */,
				F5753A6828A722F300B3D515 /* Release */,
			);
			defaultConfigurationIsVisible = 0;
			defaultConfigurationName = Release;
		};
		F5753A6928A722F300B3D515 /* Build configuration list for PBXNativeTarget "Tetris" */ = {
			isa = XCConfigurationList;
			buildConfigurations = (
				F5753A6A28A722F300B3D515 /* Debug */,
				F5753A6B28A722F300B3D515 /* Release */,
			);
			defaultConfigurationIsVisible = 0;
			defaultConfigurationName = Release;
		};
/* End XCConfigurationList section */
	};
	rootObject = F5753A4828A722F300B3D515 /* Project object */;
}
